
Microsoft Visual Studio Solution File, Format Version 12.00
# Visual Studio Version 17
VisualStudioVersion = 17.9.34622.214
MinimumVisualStudioVersion = 10.0.40219.1
Project("{FAE04EC0-301F-11D3-BF4B-00C04F79EFBC}") = "social-network.backend", "social-network.backend.csproj", "{D5F0A7B7-1E64-4EA7-892F-204132952C4B}"
EndProject
Global
	GlobalSection(SolutionConfigurationPlatforms) = preSolution
		Debug|Any CPU = Debug|Any CPU
		Release|Any CPU = Release|Any CPU
	EndGlobalSection
	GlobalSection(ProjectConfigurationPlatforms) = postSolution
		{D5F0A7B7-1E64-4EA7-892F-204132952C4B}.Debug|Any CPU.ActiveCfg = Debug|Any CPU
		{D5F0A7B7-1E64-4EA7-892F-204132952C4B}.Debug|Any CPU.Build.0 = Debug|Any CPU
		{D5F0A7B7-1E64-4EA7-892F-204132952C4B}.Release|Any CPU.ActiveCfg = Release|Any CPU
		{D5F0A7B7-1E64-4EA7-892F-204132952C4B}.Release|Any CPU.Build.0 = Release|Any CPU
	EndGlobalSection
	GlobalSection(SolutionProperties) = preSolution
		HideSolutionNode = FALSE
	EndGlobalSection
	GlobalSection(ExtensibilityGlobals) = postSolution
		SolutionGuid = {3428C24B-D847-46FD-8A29-8EAF021ECE29}
	EndGlobalSection
EndGlobal
